
Microsoft Visual Studio Solution File, Format Version 12.00
# Visual Studio 15
VisualStudioVersion = 15.0.26124.0
MinimumVisualStudioVersion = 15.0.26124.0
Project("{FAE04EC0-301F-11D3-BF4B-00C04F79EFBC}") = "API", "API\API.csproj", "{C699D709-DCB7-49F5-A8B4-34BEDBA4852B}"
EndProject
Project("{FAE04EC0-301F-11D3-BF4B-00C04F79EFBC}") = "Application", "Application\Application.csproj", "{5725F345-722D-4060-AEC3-889C3379FF5A}"
EndProject
Project("{FAE04EC0-301F-11D3-BF4B-00C04F79EFBC}") = "Domain", "Domain\Domain.csproj", "{44BB3090-C39F-4A87-BCDF-7195E9CF833A}"
EndProject
Project("{FAE04EC0-301F-11D3-BF4B-00C04F79EFBC}") = "Persistence", "Persistence\Persistence.csproj", "{BC423C25-4797-4120-9FC5-414BF7DB9F39}"
EndProject
Project("{FAE04EC0-301F-11D3-BF4B-00C04F79EFBC}") = "Infrastructure", "Infrastructure\Infrastructure.csproj", "{7AE5FA40-6458-40CA-9AC4-0D8ABFBC320E}"
EndProject
Global
	GlobalSection(SolutionConfigurationPlatforms) = preSolution
		Debug|Any CPU = Debug|Any CPU
		Debug|x64 = Debug|x64
		Debug|x86 = Debug|x86
		Release|Any CPU = Release|Any CPU
		Release|x64 = Release|x64
		Release|x86 = Release|x86
	EndGlobalSection
	GlobalSection(SolutionProperties) = preSolution
		HideSolutionNode = FALSE
	EndGlobalSection
	GlobalSection(ProjectConfigurationPlatforms) = postSolution
		{C699D709-DCB7-49F5-A8B4-34BEDBA4852B}.Debug|Any CPU.ActiveCfg = Debug|Any CPU
		{C699D709-DCB7-49F5-A8B4-34BEDBA4852B}.Debug|Any CPU.Build.0 = Debug|Any CPU
		{C699D709-DCB7-49F5-A8B4-34BEDBA4852B}.Debug|x64.ActiveCfg = Debug|Any CPU
		{C699D709-DCB7-49F5-A8B4-34BEDBA4852B}.Debug|x64.Build.0 = Debug|Any CPU
		{C699D709-DCB7-49F5-A8B4-34BEDBA4852B}.Debug|x86.ActiveCfg = Debug|Any CPU
		{C699D709-DCB7-49F5-A8B4-34BEDBA4852B}.Debug|x86.Build.0 = Debug|Any CPU
		{C699D709-DCB7-49F5-A8B4-34BEDBA4852B}.Release|Any CPU.ActiveCfg = Release|Any CPU
		{C699D709-DCB7-49F5-A8B4-34BEDBA4852B}.Release|Any CPU.Build.0 = Release|Any CPU
		{C699D709-DCB7-49F5-A8B4-34BEDBA4852B}.Release|x64.ActiveCfg = Release|Any CPU
		{C699D709-DCB7-49F5-A8B4-34BEDBA4852B}.Release|x64.Build.0 = Release|Any CPU
		{C699D709-DCB7-49F5-A8B4-34BEDBA4852B}.Release|x86.ActiveCfg = Release|Any CPU
		{C699D709-DCB7-49F5-A8B4-34BEDBA4852B}.Release|x86.Build.0 = Release|Any CPU
		{5725F345-722D-4060-AEC3-889C3379FF5A}.Debug|Any CPU.ActiveCfg = Debug|Any CPU
		{5725F345-722D-4060-AEC3-889C3379FF5A}.Debug|Any CPU.Build.0 = Debug|Any CPU
		{5725F345-722D-4060-AEC3-889C3379FF5A}.Debug|x64.ActiveCfg = Debug|Any CPU
		{5725F345-722D-4060-AEC3-889C3379FF5A}.Debug|x64.Build.0 = Debug|Any CPU
		{5725F345-722D-4060-AEC3-889C3379FF5A}.Debug|x86.ActiveCfg = Debug|Any CPU
		{5725F345-722D-4060-AEC3-889C3379FF5A}.Debug|x86.Build.0 = Debug|Any CPU
		{5725F345-722D-4060-AEC3-889C3379FF5A}.Release|Any CPU.ActiveCfg = Release|Any CPU
		{5725F345-722D-4060-AEC3-889C3379FF5A}.Release|Any CPU.Build.0 = Release|Any CPU
		{5725F345-722D-4060-AEC3-889C3379FF5A}.Release|x64.ActiveCfg = Release|Any CPU
		{5725F345-722D-4060-AEC3-889C3379FF5A}.Release|x64.Build.0 = Release|Any CPU
		{5725F345-722D-4060-AEC3-889C3379FF5A}.Release|x86.ActiveCfg = Release|Any CPU
		{5725F345-722D-4060-AEC3-889C3379FF5A}.Release|x86.Build.0 = Release|Any CPU
		{44BB3090-C39F-4A87-BCDF-7195E9CF833A}.Debug|Any CPU.ActiveCfg = Debug|Any CPU
		{44BB3090-C39F-4A87-BCDF-7195E9CF833A}.Debug|Any CPU.Build.0 = Debug|Any CPU
		{44BB3090-C39F-4A87-BCDF-7195E9CF833A}.Debug|x64.ActiveCfg = Debug|Any CPU
		{44BB3090-C39F-4A87-BCDF-7195E9CF833A}.Debug|x64.Build.0 = Debug|Any CPU
		{44BB3090-C39F-4A87-BCDF-7195E9CF833A}.Debug|x86.ActiveCfg = Debug|Any CPU
		{44BB3090-C39F-4A87-BCDF-7195E9CF833A}.Debug|x86.Build.0 = Debug|Any CPU
		{44BB3090-C39F-4A87-BCDF-7195E9CF833A}.Release|Any CPU.ActiveCfg = Release|Any CPU
		{44BB3090-C39F-4A87-BCDF-7195E9CF833A}.Release|Any CPU.Build.0 = Release|Any CPU
		{44BB3090-C39F-4A87-BCDF-7195E9CF833A}.Release|x64.ActiveCfg = Release|Any CPU
		{44BB3090-C39F-4A87-BCDF-7195E9CF833A}.Release|x64.Build.0 = Release|Any CPU
		{44BB3090-C39F-4A87-BCDF-7195E9CF833A}.Release|x86.ActiveCfg = Release|Any CPU
		{44BB3090-C39F-4A87-BCDF-7195E9CF833A}.Release|x86.Build.0 = Release|Any CPU
		{BC423C25-4797-4120-9FC5-414BF7DB9F39}.Debug|Any CPU.ActiveCfg = Debug|Any CPU
		{BC423C25-4797-4120-9FC5-414BF7DB9F39}.Debug|Any CPU.Build.0 = Debug|Any CPU
		{BC423C25-4797-4120-9FC5-414BF7DB9F39}.Debug|x64.ActiveCfg = Debug|Any CPU
		{BC423C25-4797-4120-9FC5-414BF7DB9F39}.Debug|x64.Build.0 = Debug|Any CPU
		{BC423C25-4797-4120-9FC5-414BF7DB9F39}.Debug|x86.ActiveCfg = Debug|Any CPU
		{BC423C25-4797-4120-9FC5-414BF7DB9F39}.Debug|x86.Build.0 = Debug|Any CPU
		{BC423C25-4797-4120-9FC5-414BF7DB9F39}.Release|Any CPU.ActiveCfg = Release|Any CPU
		{BC423C25-4797-4120-9FC5-414BF7DB9F39}.Release|Any CPU.Build.0 = Release|Any CPU
		{BC423C25-4797-4120-9FC5-414BF7DB9F39}.Release|x64.ActiveCfg = Release|Any CPU
		{BC423C25-4797-4120-9FC5-414BF7DB9F39}.Release|x64.Build.0 = Release|Any CPU
		{BC423C25-4797-4120-9FC5-414BF7DB9F39}.Release|x86.ActiveCfg = Release|Any CPU
		{BC423C25-4797-4120-9FC5-414BF7DB9F39}.Release|x86.Build.0 = Release|Any CPU
		{7AE5FA40-6458-40CA-9AC4-0D8ABFBC320E}.Debug|Any CPU.ActiveCfg = Debug|Any CPU
		{7AE5FA40-6458-40CA-9AC4-0D8ABFBC320E}.Debug|Any CPU.Build.0 = Debug|Any CPU
		{7AE5FA40-6458-40CA-9AC4-0D8ABFBC320E}.Debug|x64.ActiveCfg = Debug|Any CPU
		{7AE5FA40-6458-40CA-9AC4-0D8ABFBC320E}.Debug|x64.Build.0 = Debug|Any CPU
		{7AE5FA40-6458-40CA-9AC4-0D8ABFBC320E}.Debug|x86.ActiveCfg = Debug|Any CPU
		{7AE5FA40-6458-40CA-9AC4-0D8ABFBC320E}.Debug|x86.Build.0 = Debug|Any CPU
		{7AE5FA40-6458-40CA-9AC4-0D8ABFBC320E}.Release|Any CPU.ActiveCfg = Release|Any CPU
		{7AE5FA40-6458-40CA-9AC4-0D8ABFBC320E}.Release|Any CPU.Build.0 = Release|Any CPU
		{7AE5FA40-6458-40CA-9AC4-0D8ABFBC320E}.Release|x64.ActiveCfg = Release|Any CPU
		{7AE5FA40-6458-40CA-9AC4-0D8ABFBC320E}.Release|x64.Build.0 = Release|Any CPU
		{7AE5FA40-6458-40CA-9AC4-0D8ABFBC320E}.Release|x86.ActiveCfg = Release|Any CPU
		{7AE5FA40-6458-40CA-9AC4-0D8ABFBC320E}.Release|x86.Build.0 = Release|Any CPU
	EndGlobalSection
EndGlobal
